// !$*UTF8*$!
{
	archiveVersion = 1;
	classes = {
	};
	objectVersion = 46;
	objects = {

/* Begin PBXBuildFile section */
		2DA296191FC1596C00F348B5 /* main.m in Sources */ = {isa = PBXBuildFile; fileRef = 2DA296181FC1596C00F348B5 /* main.m */; };
		2DA2961C1FC1596C00F348B5 /* AppDelegate.m in Sources */ = {isa = PBXBuildFile; fileRef = 2DA2961B1FC1596C00F348B5 /* AppDelegate.m */; };
		2DA2961F1FC1596C00F348B5 /* ViewController.m in Sources */ = {isa = PBXBuildFile; fileRef = 2DA2961E1FC1596C00F348B5 /* ViewController.m */; };
		2DA296221FC1596C00F348B5 /* Main.storyboard in Resources */ = {isa = PBXBuildFile; fileRef = 2DA296201FC1596C00F348B5 /* Main.storyboard */; };
		2DA296241FC1596C00F348B5 /* Assets.xcassets in Resources */ = {isa = PBXBuildFile; fileRef = 2DA296231FC1596C00F348B5 /* Assets.xcassets */; };
		2DA296271FC1596C00F348B5 /* LaunchScreen.storyboard in Resources */ = {isa = PBXBuildFile; fileRef = 2DA296251FC1596C00F348B5 /* LaunchScreen.storyboard */; };
		2DA296341FC15ADF00F348B5 /* BudgetPlannerConstants.m in Sources */ = {isa = PBXBuildFile; fileRef = 2DA296331FC15ADF00F348B5 /* BudgetPlannerConstants.m */; };
		2DA296371FC15B0F00F348B5 /* BudgetPlanner.xcdatamodeld in Sources */ = {isa = PBXBuildFile; fileRef = 2DA296351FC15B0F00F348B5 /* BudgetPlanner.xcdatamodeld */; };
		2DA2963A1FC15B1D00F348B5 /* Entry.m in Sources */ = {isa = PBXBuildFile; fileRef = 2DA296391FC15B1D00F348B5 /* Entry.m */; };
		2DA296421FC15B7700F348B5 /* DataController.m in Sources */ = {isa = PBXBuildFile; fileRef = 2DA2963F1FC15B7700F348B5 /* DataController.m */; };
		2DA296431FC15B7700F348B5 /* EntryDataController.m in Sources */ = {isa = PBXBuildFile; fileRef = 2DA296411FC15B7700F348B5 /* EntryDataController.m */; };
		2DA296481FC15E5300F348B5 /* SettingsController.m in Sources */ = {isa = PBXBuildFile; fileRef = 2DA296471FC15E5300F348B5 /* SettingsController.m */; };
		2DA2964C1FC162BC00F348B5 /* DefaultBudgetItems.plist in Resources */ = {isa = PBXBuildFile; fileRef = 2DA2964B1FC162BC00F348B5 /* DefaultBudgetItems.plist */; };
		2DA2964F1FC1679100F348B5 /* EntryController.m in Sources */ = {isa = PBXBuildFile; fileRef = 2DA2964E1FC1679100F348B5 /* EntryController.m */; };
		8EA6E1D22DE28554E168B595 /* libPods-BudgetPlanner.a in Frameworks */ = {isa = PBXBuildFile; fileRef = 5121E2B36AB14340A23B07F0 /* libPods-BudgetPlanner.a */; };
/* End PBXBuildFile section */

/* Begin PBXFileReference section */
		13346BEAA29C4AB96EB070E8 /* Pods-BudgetPlanner.release.xcconfig */ = {isa = PBXFileReference; includeInIndex = 1; lastKnownFileType = text.xcconfig; name = "Pods-BudgetPlanner.release.xcconfig"; path = "Pods/Target Support Files/Pods-BudgetPlanner/Pods-BudgetPlanner.release.xcconfig"; sourceTree = "<group>"; };
		2DA296141FC1596C00F348B5 /* BudgetPlanner.app */ = {isa = PBXFileReference; explicitFileType = wrapper.application; includeInIndex = 0; path = BudgetPlanner.app; sourceTree = BUILT_PRODUCTS_DIR; };
		2DA296181FC1596C00F348B5 /* main.m */ = {isa = PBXFileReference; lastKnownFileType = sourcecode.c.objc; path = main.m; sourceTree = "<group>"; };
		2DA2961A1FC1596C00F348B5 /* AppDelegate.h */ = {isa = PBXFileReference; lastKnownFileType = sourcecode.c.h; path = AppDelegate.h; sourceTree = "<group>"; };
		2DA2961B1FC1596C00F348B5 /* AppDelegate.m */ = {isa = PBXFileReference; lastKnownFileType = sourcecode.c.objc; path = AppDelegate.m; sourceTree = "<group>"; };
		2DA2961D1FC1596C00F348B5 /* ViewController.h */ = {isa = PBXFileReference; lastKnownFileType = sourcecode.c.h; path = ViewController.h; sourceTree = "<group>"; };
		2DA2961E1FC1596C00F348B5 /* ViewController.m */ = {isa = PBXFileReference; lastKnownFileType = sourcecode.c.objc; path = ViewController.m; sourceTree = "<group>"; };
		2DA296211FC1596C00F348B5 /* Base */ = {isa = PBXFileReference; lastKnownFileType = file.storyboard; name = Base; path = Base.lproj/Main.storyboard; sourceTree = "<group>"; };
		2DA296231FC1596C00F348B5 /* Assets.xcassets */ = {isa = PBXFileReference; lastKnownFileType = folder.assetcatalog; path = Assets.xcassets; sourceTree = "<group>"; };
		2DA296261FC1596C00F348B5 /* Base */ = {isa = PBXFileReference; lastKnownFileType = file.storyboard; name = Base; path = Base.lproj/LaunchScreen.storyboard; sourceTree = "<group>"; };
		2DA296281FC1596C00F348B5 /* Info.plist */ = {isa = PBXFileReference; lastKnownFileType = text.plist.xml; path = Info.plist; sourceTree = "<group>"; };
		2DA296321FC15ADF00F348B5 /* BudgetPlannerConstants.h */ = {isa = PBXFileReference; fileEncoding = 4; lastKnownFileType = sourcecode.c.h; name = BudgetPlannerConstants.h; path = Utilities/BudgetPlannerConstants.h; sourceTree = "<group>"; };
		2DA296331FC15ADF00F348B5 /* BudgetPlannerConstants.m */ = {isa = PBXFileReference; fileEncoding = 4; lastKnownFileType = sourcecode.c.objc; name = BudgetPlannerConstants.m; path = Utilities/BudgetPlannerConstants.m; sourceTree = "<group>"; };
		2DA296361FC15B0F00F348B5 /* BudgetPlanner.xcdatamodel */ = {isa = PBXFileReference; lastKnownFileType = wrapper.xcdatamodel; path = BudgetPlanner.xcdatamodel; sourceTree = "<group>"; };
		2DA296381FC15B1D00F348B5 /* Entry.h */ = {isa = PBXFileReference; fileEncoding = 4; lastKnownFileType = sourcecode.c.h; name = Entry.h; path = Models/Entry.h; sourceTree = "<group>"; };
		2DA296391FC15B1D00F348B5 /* Entry.m */ = {isa = PBXFileReference; fileEncoding = 4; lastKnownFileType = sourcecode.c.objc; name = Entry.m; path = Models/Entry.m; sourceTree = "<group>"; };
		2DA2963E1FC15B7700F348B5 /* DataController.h */ = {isa = PBXFileReference; fileEncoding = 4; lastKnownFileType = sourcecode.c.h; name = DataController.h; path = Controllers/DataControllers/DataController.h; sourceTree = "<group>"; };
		2DA2963F1FC15B7700F348B5 /* DataController.m */ = {isa = PBXFileReference; fileEncoding = 4; lastKnownFileType = sourcecode.c.objc; name = DataController.m; path = Controllers/DataControllers/DataController.m; sourceTree = "<group>"; };
		2DA296401FC15B7700F348B5 /* EntryDataController.h */ = {isa = PBXFileReference; fileEncoding = 4; lastKnownFileType = sourcecode.c.h; name = EntryDataController.h; path = Controllers/DataControllers/EntryDataController.h; sourceTree = "<group>"; };
		2DA296411FC15B7700F348B5 /* EntryDataController.m */ = {isa = PBXFileReference; fileEncoding = 4; lastKnownFileType = sourcecode.c.objc; name = EntryDataController.m; path = Controllers/DataControllers/EntryDataController.m; sourceTree = "<group>"; };
		2DA296461FC15E5300F348B5 /* SettingsController.h */ = {isa = PBXFileReference; fileEncoding = 4; lastKnownFileType = sourcecode.c.h; name = SettingsController.h; path = Controllers/SettingsController.h; sourceTree = "<group>"; };
		2DA296471FC15E5300F348B5 /* SettingsController.m */ = {isa = PBXFileReference; fileEncoding = 4; lastKnownFileType = sourcecode.c.objc; name = SettingsController.m; path = Controllers/SettingsController.m; sourceTree = "<group>"; };
		2DA2964B1FC162BC00F348B5 /* DefaultBudgetItems.plist */ = {isa = PBXFileReference; fileEncoding = 4; lastKnownFileType = text.plist.xml; path = DefaultBudgetItems.plist; sourceTree = "<group>"; };
		2DA2964D1FC1679100F348B5 /* EntryController.h */ = {isa = PBXFileReference; fileEncoding = 4; lastKnownFileType = sourcecode.c.h; name = EntryController.h; path = Controllers/EntryController.h; sourceTree = "<group>"; };
		2DA2964E1FC1679100F348B5 /* EntryController.m */ = {isa = PBXFileReference; fileEncoding = 4; lastKnownFileType = sourcecode.c.objc; name = EntryController.m; path = Controllers/EntryController.m; sourceTree = "<group>"; };
		5121E2B36AB14340A23B07F0 /* libPods-BudgetPlanner.a */ = {isa = PBXFileReference; explicitFileType = archive.ar; includeInIndex = 0; path = "libPods-BudgetPlanner.a"; sourceTree = BUILT_PRODUCTS_DIR; };
		F28D80725B8E0C13515A080B /* Pods-BudgetPlanner.debug.xcconfig */ = {isa = PBXFileReference; includeInIndex = 1; lastKnownFileType = text.xcconfig; name = "Pods-BudgetPlanner.debug.xcconfig"; path = "Pods/Target Support Files/Pods-BudgetPlanner/Pods-BudgetPlanner.debug.xcconfig"; sourceTree = "<group>"; };
/* End PBXFileReference section */

/* Begin PBXFrameworksBuildPhase section */
		2DA296111FC1596C00F348B5 /* Frameworks */ = {
			isa = PBXFrameworksBuildPhase;
			buildActionMask = 2147483647;
			files = (
				8EA6E1D22DE28554E168B595 /* libPods-BudgetPlanner.a in Frameworks */,
			);
			runOnlyForDeploymentPostprocessing = 0;
		};
/* End PBXFrameworksBuildPhase section */

/* Begin PBXGroup section */
		2DA2960B1FC1596C00F348B5 = {
			isa = PBXGroup;
			children = (
				2DA296161FC1596C00F348B5 /* BudgetPlanner */,
				2DA296151FC1596C00F348B5 /* Products */,
				9805BDE4010D2C0E124AD084 /* Pods */,
				C6535B535D613B4D531F5C48 /* Frameworks */,
			);
			sourceTree = "<group>";
		};
		2DA296151FC1596C00F348B5 /* Products */ = {
			isa = PBXGroup;
			children = (
				2DA296141FC1596C00F348B5 /* BudgetPlanner.app */,
			);
			name = Products;
			sourceTree = "<group>";
		};
		2DA296161FC1596C00F348B5 /* BudgetPlanner */ = {
			isa = PBXGroup;
			children = (
				2DA296311FC15AAE00F348B5 /* Utilities */,
				2DA296301FC15AA800F348B5 /* ViewControllers */,
				2DA2962F1FC15AA200F348B5 /* Models */,
				2DA2962E1FC15A9A00F348B5 /* Controllers */,
				2DA2961A1FC1596C00F348B5 /* AppDelegate.h */,
				2DA2961B1FC1596C00F348B5 /* AppDelegate.m */,
				2DA2961D1FC1596C00F348B5 /* ViewController.h */,
				2DA2961E1FC1596C00F348B5 /* ViewController.m */,
				2DA296201FC1596C00F348B5 /* Main.storyboard */,
				2DA296231FC1596C00F348B5 /* Assets.xcassets */,
				2DA296251FC1596C00F348B5 /* LaunchScreen.storyboard */,
				2DA296281FC1596C00F348B5 /* Info.plist */,
				2DA296171FC1596C00F348B5 /* Supporting Files */,
			);
			path = BudgetPlanner;
			sourceTree = "<group>";
		};
		2DA296171FC1596C00F348B5 /* Supporting Files */ = {
			isa = PBXGroup;
			children = (
				2DA2964B1FC162BC00F348B5 /* DefaultBudgetItems.plist */,
				2DA296181FC1596C00F348B5 /* main.m */,
			);
			name = "Supporting Files";
			sourceTree = "<group>";
		};
		2DA2962E1FC15A9A00F348B5 /* Controllers */ = {
			isa = PBXGroup;
			children = (
				2DA2963D1FC15B6700F348B5 /* DataControllers */,
				2DA296461FC15E5300F348B5 /* SettingsController.h */,
				2DA296471FC15E5300F348B5 /* SettingsController.m */,
				2DA2964D1FC1679100F348B5 /* EntryController.h */,
				2DA2964E1FC1679100F348B5 /* EntryController.m */,
			);
			name = Controllers;
			sourceTree = "<group>";
		};
		2DA2962F1FC15AA200F348B5 /* Models */ = {
			isa = PBXGroup;
			children = (
				2DA296381FC15B1D00F348B5 /* Entry.h */,
				2DA296391FC15B1D00F348B5 /* Entry.m */,
				2DA296351FC15B0F00F348B5 /* BudgetPlanner.xcdatamodeld */,
			);
			name = Models;
			sourceTree = "<group>";
		};
		2DA296301FC15AA800F348B5 /* ViewControllers */ = {
			isa = PBXGroup;
			children = (
			);
			name = ViewControllers;
			sourceTree = "<group>";
		};
		2DA296311FC15AAE00F348B5 /* Utilities */ = {
			isa = PBXGroup;
			children = (
				2DA296321FC15ADF00F348B5 /* BudgetPlannerConstants.h */,
				2DA296331FC15ADF00F348B5 /* BudgetPlannerConstants.m */,
			);
			name = Utilities;
			sourceTree = "<group>";
		};
		2DA2963D1FC15B6700F348B5 /* DataControllers */ = {
			isa = PBXGroup;
			children = (
				2DA2963E1FC15B7700F348B5 /* DataController.h */,
				2DA2963F1FC15B7700F348B5 /* DataController.m */,
				2DA296401FC15B7700F348B5 /* EntryDataController.h */,
				2DA296411FC15B7700F348B5 /* EntryDataController.m */,
			);
			name = DataControllers;
			sourceTree = "<group>";
		};
		9805BDE4010D2C0E124AD084 /* Pods */ = {
			isa = PBXGroup;
			children = (
				F28D80725B8E0C13515A080B /* Pods-BudgetPlanner.debug.xcconfig */,
				13346BEAA29C4AB96EB070E8 /* Pods-BudgetPlanner.release.xcconfig */,
			);
			name = Pods;
			sourceTree = "<group>";
		};
		C6535B535D613B4D531F5C48 /* Frameworks */ = {
			isa = PBXGroup;
			children = (
				5121E2B36AB14340A23B07F0 /* libPods-BudgetPlanner.a */,
			);
			name = Frameworks;
			sourceTree = "<group>";
		};
/* End PBXGroup section */

/* Begin PBXNativeTarget section */
		2DA296131FC1596C00F348B5 /* BudgetPlanner */ = {
			isa = PBXNativeTarget;
			buildConfigurationList = 2DA2962B1FC1596C00F348B5 /* Build configuration list for PBXNativeTarget "BudgetPlanner" */;
			buildPhases = (
				B4D430A780811471721AEC61 /* [CP] Check Pods Manifest.lock */,
				2DA296101FC1596C00F348B5 /* Sources */,
				2DA296111FC1596C00F348B5 /* Frameworks */,
				2DA296121FC1596C00F348B5 /* Resources */,
				57263410F9B5F2B537118677 /* [CP] Embed Pods Frameworks */,
				617966E1D1E53DA1171D30E3 /* [CP] Copy Pods Resources */,
			);
			buildRules = (
			);
			dependencies = (
			);
			name = BudgetPlanner;
			productName = BudgetPlanner;
			productReference = 2DA296141FC1596C00F348B5 /* BudgetPlanner.app */;
			productType = "com.apple.product-type.application";
		};
/* End PBXNativeTarget section */

/* Begin PBXProject section */
		2DA2960C1FC1596C00F348B5 /* Project object */ = {
			isa = PBXProject;
			attributes = {
				LastUpgradeCheck = 0820;
				ORGANIZATIONNAME = Saoirse;
				TargetAttributes = {
					2DA296131FC1596C00F348B5 = {
						CreatedOnToolsVersion = 8.2;
						ProvisioningStyle = Manual;
					};
				};
			};
			buildConfigurationList = 2DA2960F1FC1596C00F348B5 /* Build configuration list for PBXProject "BudgetPlanner" */;
			compatibilityVersion = "Xcode 3.2";
			developmentRegion = English;
			hasScannedForEncodings = 0;
			knownRegions = (
				en,
				Base,
			);
			mainGroup = 2DA2960B1FC1596C00F348B5;
			productRefGroup = 2DA296151FC1596C00F348B5 /* Products */;
			projectDirPath = "";
			projectRoot = "";
			targets = (
				2DA296131FC1596C00F348B5 /* BudgetPlanner */,
			);
		};
/* End PBXProject section */

/* Begin PBXResourcesBuildPhase section */
		2DA296121FC1596C00F348B5 /* Resources */ = {
			isa = PBXResourcesBuildPhase;
			buildActionMask = 2147483647;
			files = (
				2DA2964C1FC162BC00F348B5 /* DefaultBudgetItems.plist in Resources */,
				2DA296271FC1596C00F348B5 /* LaunchScreen.storyboard in Resources */,
				2DA296241FC1596C00F348B5 /* Assets.xcassets in Resources */,
				2DA296221FC1596C00F348B5 /* Main.storyboard in Resources */,
			);
			runOnlyForDeploymentPostprocessing = 0;
		};
/* End PBXResourcesBuildPhase section */

/* Begin PBXShellScriptBuildPhase section */
		57263410F9B5F2B537118677 /* [CP] Embed Pods Frameworks */ = {
			isa = PBXShellScriptBuildPhase;
			buildActionMask = 2147483647;
			files = (
			);
			inputPaths = (
			);
			name = "[CP] Embed Pods Frameworks";
			outputPaths = (
			);
			runOnlyForDeploymentPostprocessing = 0;
			shellPath = /bin/sh;
			shellScript = "\"${SRCROOT}/Pods/Target Support Files/Pods-BudgetPlanner/Pods-BudgetPlanner-frameworks.sh\"\n";
			showEnvVarsInLog = 0;
		};
		617966E1D1E53DA1171D30E3 /* [CP] Copy Pods Resources */ = {
			isa = PBXShellScriptBuildPhase;
			buildActionMask = 2147483647;
			files = (
			);
			inputPaths = (
			);
			name = "[CP] Copy Pods Resources";
			outputPaths = (
			);
			runOnlyForDeploymentPostprocessing = 0;
			shellPath = /bin/sh;
			shellScript = "\"${SRCROOT}/Pods/Target Support Files/Pods-BudgetPlanner/Pods-BudgetPlanner-resources.sh\"\n";
			showEnvVarsInLog = 0;
		};
		B4D430A780811471721AEC61 /* [CP] Check Pods Manifest.lock */ = {
			isa = PBXShellScriptBuildPhase;
			buildActionMask = 2147483647;
			files = (
			);
			inputPaths = (
			);
			name = "[CP] Check Pods Manifest.lock";
			outputPaths = (
			);
			runOnlyForDeploymentPostprocessing = 0;
			shellPath = /bin/sh;
			shellScript = "diff \"${PODS_PODFILE_DIR_PATH}/Podfile.lock\" \"${PODS_ROOT}/Manifest.lock\" > /dev/null\nif [ $? != 0 ] ; then\n    # print error to STDERR\n    echo \"error: The sandbox is not in sync with the Podfile.lock. Run 'pod install' or update your CocoaPods installation.\" >&2\n    exit 1\nfi\n";
			showEnvVarsInLog = 0;
		};
/* End PBXShellScriptBuildPhase section */

/* Begin PBXSourcesBuildPhase section */
		2DA296101FC1596C00F348B5 /* Sources */ = {
			isa = PBXSourcesBuildPhase;
			buildActionMask = 2147483647;
			files = (
				2DA2964F1FC1679100F348B5 /* EntryController.m in Sources */,
				2DA296431FC15B7700F348B5 /* EntryDataController.m in Sources */,
				2DA2963A1FC15B1D00F348B5 /* Entry.m in Sources */,
				2DA2961F1FC1596C00F348B5 /* ViewController.m in Sources */,
				2DA296481FC15E5300F348B5 /* SettingsController.m in Sources */,
				2DA296371FC15B0F00F348B5 /* BudgetPlanner.xcdatamodeld in Sources */,
				2DA2961C1FC1596C00F348B5 /* AppDelegate.m in Sources */,
				2DA296421FC15B7700F348B5 /* DataController.m in Sources */,
				2DA296191FC1596C00F348B5 /* main.m in Sources */,
				2DA296341FC15ADF00F348B5 /* BudgetPlannerConstants.m in Sources */,
			);
			runOnlyForDeploymentPostprocessing = 0;
		};
/* End PBXSourcesBuildPhase section */

/* Begin PBXVariantGroup section */
		2DA296201FC1596C00F348B5 /* Main.storyboard */ = {
			isa = PBXVariantGroup;
			children = (
				2DA296211FC1596C00F348B5 /* Base */,
			);
			name = Main.storyboard;
			sourceTree = "<group>";
		};
		2DA296251FC1596C00F348B5 /* LaunchScreen.storyboard */ = {
			isa = PBXVariantGroup;
			children = (
				2DA296261FC1596C00F348B5 /* Base */,
			);
			name = LaunchScreen.storyboard;
			sourceTree = "<group>";
		};
/* End PBXVariantGroup section */

/* Begin XCBuildConfiguration section */
		2DA296291FC1596C00F348B5 /* Debug */ = {
			isa = XCBuildConfiguration;
			buildSettings = {
				ALWAYS_SEARCH_USER_PATHS = NO;
				CLANG_ANALYZER_NONNULL = YES;
				CLANG_CXX_LANGUAGE_STANDARD = "gnu++0x";
				CLANG_CXX_LIBRARY = "libc++";
				CLANG_ENABLE_MODULES = YES;
				CLANG_ENABLE_OBJC_ARC = YES;
				CLANG_WARN_BOOL_CONVERSION = YES;
				CLANG_WARN_CONSTANT_CONVERSION = YES;
				CLANG_WARN_DIRECT_OBJC_ISA_USAGE = YES_ERROR;
				CLANG_WARN_DOCUMENTATION_COMMENTS = YES;
				CLANG_WARN_EMPTY_BODY = YES;
				CLANG_WARN_ENUM_CONVERSION = YES;
				CLANG_WARN_INFINITE_RECURSION = YES;
				CLANG_WARN_INT_CONVERSION = YES;
				CLANG_WARN_OBJC_ROOT_CLASS = YES_ERROR;
				CLANG_WARN_SUSPICIOUS_MOVE = YES;
				CLANG_WARN_UNREACHABLE_CODE = YES;
				CLANG_WARN__DUPLICATE_METHOD_MATCH = YES;
				"CODE_SIGN_IDENTITY[sdk=iphoneos*]" = "iPhone Developer";
				COPY_PHASE_STRIP = NO;
				DEBUG_INFORMATION_FORMAT = dwarf;
				ENABLE_STRICT_OBJC_MSGSEND = YES;
				ENABLE_TESTABILITY = YES;
				GCC_C_LANGUAGE_STANDARD = gnu99;
				GCC_DYNAMIC_NO_PIC = NO;
				GCC_NO_COMMON_BLOCKS = YES;
				GCC_OPTIMIZATION_LEVEL = 0;
				GCC_PREPROCESSOR_DEFINITIONS = (
					"DEBUG=1",
					"$(inherited)",
				);
				GCC_WARN_64_TO_32_BIT_CONVERSION = YES;
				GCC_WARN_ABOUT_RETURN_TYPE = YES_ERROR;
				GCC_WARN_UNDECLARED_SELECTOR = YES;
				GCC_WARN_UNINITIALIZED_AUTOS = YES_AGGRESSIVE;
				GCC_WARN_UNUSED_FUNCTION = YES;
				GCC_WARN_UNUSED_VARIABLE = YES;
				IPHONEOS_DEPLOYMENT_TARGET = 7.0;
				MTL_ENABLE_DEBUG_INFO = YES;
				ONLY_ACTIVE_ARCH = YES;
				SDKROOT = iphoneos;
			};
			name = Debug;
		};
		2DA2962A1FC1596C00F348B5 /* Release */ = {
			isa = XCBuildConfiguration;
			buildSettings = {
				ALWAYS_SEARCH_USER_PATHS = NO;
				CLANG_ANALYZER_NONNULL = YES;
				CLANG_CXX_LANGUAGE_STANDARD = "gnu++0x";
				CLANG_CXX_LIBRARY = "libc++";
				CLANG_ENABLE_MODULES = YES;
				CLANG_ENABLE_OBJC_ARC = YES;
				CLANG_WARN_BOOL_CONVERSION = YES;
				CLANG_WARN_CONSTANT_CONVERSION = YES;
				CLANG_WARN_DIRECT_OBJC_ISA_USAGE = YES_ERROR;
				CLANG_WARN_DOCUMENTATION_COMMENTS = YES;
				CLANG_WARN_EMPTY_BODY = YES;
				CLANG_WARN_ENUM_CONVERSION = YES;
				CLANG_WARN_INFINITE_RECURSION = YES;
				CLANG_WARN_INT_CONVERSION = YES;
				CLANG_WARN_OBJC_ROOT_CLASS = YES_ERROR;
				CLANG_WARN_SUSPICIOUS_MOVE = YES;
				CLANG_WARN_UNREACHABLE_CODE = YES;
				CLANG_WARN__DUPLICATE_METHOD_MATCH = YES;
				"CODE_SIGN_IDENTITY[sdk=iphoneos*]" = "iPhone Developer";
				COPY_PHASE_STRIP = NO;
				DEBUG_INFORMATION_FORMAT = "dwarf-with-dsym";
				ENABLE_NS_ASSERTIONS = NO;
				ENABLE_STRICT_OBJC_MSGSEND = YES;
				GCC_C_LANGUAGE_STANDARD = gnu99;
				GCC_NO_COMMON_BLOCKS = YES;
				GCC_WARN_64_TO_32_BIT_CONVERSION = YES;
				GCC_WARN_ABOUT_RETURN_TYPE = YES_ERROR;
				GCC_WARN_UNDECLARED_SELECTOR = YES;
				GCC_WARN_UNINITIALIZED_AUTOS = YES_AGGRESSIVE;
				GCC_WARN_UNUSED_FUNCTION = YES;
				GCC_WARN_UNUSED_VARIABLE = YES;
				IPHONEOS_DEPLOYMENT_TARGET = 7.0;
				MTL_ENABLE_DEBUG_INFO = NO;
				SDKROOT = iphoneos;
				VALIDATE_PRODUCT = YES;
			};
			name = Release;
		};
		2DA2962C1FC1596C00F348B5 /* Debug */ = {
			isa = XCBuildConfiguration;
			baseConfigurationReference = F28D80725B8E0C13515A080B /* Pods-BudgetPlanner.debug.xcconfig */;
			buildSettings = {
				ASSETCATALOG_COMPILER_APPICON_NAME = AppIcon;
				DEVELOPMENT_TEAM = "";
				INFOPLIST_FILE = BudgetPlanner/Info.plist;
				LD_RUNPATH_SEARCH_PATHS = "$(inherited) @executable_path/Frameworks";
				PRODUCT_BUNDLE_IDENTIFIER = com.crossover.BudgetPlanner;
				PRODUCT_NAME = "$(TARGET_NAME)";
			};
			name = Debug;
		};
		2DA2962D1FC1596C00F348B5 /* Release */ = {
			isa = XCBuildConfiguration;
			baseConfigurationReference = 13346BEAA29C4AB96EB070E8 /* Pods-BudgetPlanner.release.xcconfig */;
			buildSettings = {
				ASSETCATALOG_COMPILER_APPICON_NAME = AppIcon;
				DEVELOPMENT_TEAM = "";
				INFOPLIST_FILE = BudgetPlanner/Info.plist;
				LD_RUNPATH_SEARCH_PATHS = "$(inherited) @executable_path/Frameworks";
				PRODUCT_BUNDLE_IDENTIFIER = com.crossover.BudgetPlanner;
				PRODUCT_NAME = "$(TARGET_NAME)";
			};
			name = Release;
		};
/* End XCBuildConfiguration section */

/* Begin XCConfigurationList section */
		2DA2960F1FC1596C00F348B5 /* Build configuration list for PBXProject "BudgetPlanner" */ = {
			isa = XCConfigurationList;
			buildConfigurations = (
				2DA296291FC1596C00F348B5 /* Debug */,
				2DA2962A1FC1596C00F348B5 /* Release */,
			);
			defaultConfigurationIsVisible = 0;
			defaultConfigurationName = Release;
		};
		2DA2962B1FC1596C00F348B5 /* Build configuration list for PBXNativeTarget "BudgetPlanner" */ = {
			isa = XCConfigurationList;
			buildConfigurations = (
				2DA2962C1FC1596C00F348B5 /* Debug */,
				2DA2962D1FC1596C00F348B5 /* Release */,
			);
			defaultConfigurationIsVisible = 0;
			defaultConfigurationName = Release;
		};
/* End XCConfigurationList section */

/* Begin XCVersionGroup section */
		2DA296351FC15B0F00F348B5 /* BudgetPlanner.xcdatamodeld */ = {
			isa = XCVersionGroup;
			children = (
				2DA296361FC15B0F00F348B5 /* BudgetPlanner.xcdatamodel */,
			);
			currentVersion = 2DA296361FC15B0F00F348B5 /* BudgetPlanner.xcdatamodel */;
			name = BudgetPlanner.xcdatamodeld;
			path = Models/BudgetPlanner.xcdatamodeld;
			sourceTree = "<group>";
			versionGroupType = wrapper.xcdatamodel;
		};
/* End XCVersionGroup section */
	};
	rootObject = 2DA2960C1FC1596C00F348B5 /* Project object */;
}
